{
  "lib/aave-helpers": {
    "rev": "cd50b32f3eaebafe5d103ed86cab9bd72d19b817"
  },
  "lib/aave-price-feeds": {
    "rev": "ff9f24a7c7d0cc67b70b5319f20abdb0a5c2f2df"
  },
  "lib/forge-std": {
    "tag": {
      "name": "v1.16.2",
      "rev": "bf647bd6046f2f7da30d0c2bf435e5c76a780c1b"
    }
  },
  "lib/safe-utils": {
    "tag": {
      "name": "v0.0.22",
      "rev": "273945a35ade03a78648a350140aace72707d5a7"
    }
  }
}
