{
  "lib/aave-helpers": {
    "rev": "53cbdf895d1cca8242a25327b205a70a262d82d6"
  },
  "lib/aave-price-feeds": {
    "rev": "008de1836ec94fc8bd9694e2e34df3aa858328fd"
  },
  "lib/forge-std": {
    "tag": {
      "name": "v1.16.2",
      "rev": "bf647bd6046f2f7da30d0c2bf435e5c76a780c1b"
    }
  },
  "lib/safe-utils": {
    "tag": {
      "name": "v0.0.22",
      "rev": "273945a35ade03a78648a350140aace72707d5a7"
    }
  }
}